
Microsoft Visual Studio Solution File, Format Version 12.00
# Visual Studio Version 17
VisualStudioVersion = 17.4.33205.214
MinimumVisualStudioVersion = 10.0.40219.1
Project("{FAE04EC0-301F-11D3-BF4B-00C04F79EFBC}") = "ActionTrigger", "ActionTrigger.csproj", "{C0BBC8C3-4C2C-4452-B248-580386A385A0}"
EndProject
Global
	GlobalSection(SolutionConfigurationPlatforms) = preSolution
		Debug|Any CPU = Debug|Any CPU
		Release|Any CPU = Release|Any CPU
	EndGlobalSection
	GlobalSection(ProjectConfigurationPlatforms) = postSolution
		{C0BBC8C3-4C2C-4452-B248-580386A385A0}.Debug|Any CPU.ActiveCfg = Debug|Any CPU
		{C0BBC8C3-4C2C-4452-B248-580386A385A0}.Debug|Any CPU.Build.0 = Debug|Any CPU
		{C0BBC8C3-4C2C-4452-B248-580386A385A0}.Release|Any CPU.ActiveCfg = Release|Any CPU
		{C0BBC8C3-4C2C-4452-B248-580386A385A0}.Release|Any CPU.Build.0 = Release|Any CPU
	EndGlobalSection
	GlobalSection(SolutionProperties) = preSolution
		HideSolutionNode = FALSE
	EndGlobalSection
	GlobalSection(ExtensibilityGlobals) = postSolution
		SolutionGuid = {02D35D26-B506-4084-AAF0-B1DB27E0ACE4}
	EndGlobalSection
EndGlobal
